// !$*UTF8*$!
{
	archiveVersion = 1;
	classes = {
	};
	objectVersion = 55;
	objects = {

/* Begin PBXBuildFile section */
		C15E5D8028D0EE26005FD456 /* AppDelegate.swift in Sources */ = {isa = PBXBuildFile; fileRef = C15E5D7F28D0EE26005FD456 /* AppDelegate.swift */; };
		C15E5D8228D0EE26005FD456 /* SceneDelegate.swift in Sources */ = {isa = PBXBuildFile; fileRef = C15E5D8128D0EE26005FD456 /* SceneDelegate.swift */; };
		C15E5D8428D0EE26005FD456 /* ViewController.swift in Sources */ = {isa = PBXBuildFile; fileRef = C15E5D8328D0EE26005FD456 /* ViewController.swift */; };
		C15E5D8728D0EE26005FD456 /* Main.storyboard in Resources */ = {isa = PBXBuildFile; fileRef = C15E5D8528D0EE26005FD456 /* Main.storyboard */; };
		C15E5D8928D0EE29005FD456 /* Assets.xcassets in Resources */ = {isa = PBXBuildFile; fileRef = C15E5D8828D0EE29005FD456 /* Assets.xcassets */; };
		C15E5D8C28D0EE29005FD456 /* LaunchScreen.storyboard in Resources */ = {isa = PBXBuildFile; fileRef = C15E5D8A28D0EE29005FD456 /* LaunchScreen.storyboard */; };
		C15E5D9728D0EE29005FD456 /* LifeCycleTests.swift in Sources */ = {isa = PBXBuildFile; fileRef = C15E5D9628D0EE29005FD456 /* LifeCycleTests.swift */; };
		C15E5DA128D0EE2A005FD456 /* LifeCycleUITests.swift in Sources */ = {isa = PBXBuildFile; fileRef = C15E5DA028D0EE2A005FD456 /* LifeCycleUITests.swift */; };
		C15E5DA328D0EE2A005FD456 /* LifeCycleUITestsLaunchTests.swift in Sources */ = {isa = PBXBuildFile; fileRef = C15E5DA228D0EE2A005FD456 /* LifeCycleUITestsLaunchTests.swift */; };
		C15E5DB228D202A0005FD456 /* SecondController.swift in Sources */ = {isa = PBXBuildFile; fileRef = C15E5DB128D202A0005FD456 /* SecondController.swift */; };
/* End PBXBuildFile section */

/* Begin PBXContainerItemProxy section */
		C15E5D9328D0EE29005FD456 /* PBXContainerItemProxy */ = {
			isa = PBXContainerItemProxy;
			containerPortal = C15E5D7428D0EE26005FD456 /* Project object */;
			proxyType = 1;
			remoteGlobalIDString = C15E5D7B28D0EE26005FD456;
			remoteInfo = LifeCycle;
		};
		C15E5D9D28D0EE2A005FD456 /* PBXContainerItemProxy */ = {
			isa = PBXContainerItemProxy;
			containerPortal = C15E5D7428D0EE26005FD456 /* Project object */;
			proxyType = 1;
			remoteGlobalIDString = C15E5D7B28D0EE26005FD456;
			remoteInfo = LifeCycle;
		};
/* End PBXContainerItemProxy section */

/* Begin PBXFileReference section */
		C15E5D7C28D0EE26005FD456 /* LifeCycle.app */ = {isa = PBXFileReference; explicitFileType = wrapper.application; includeInIndex = 0; path = LifeCycle.app; sourceTree = BUILT_PRODUCTS_DIR; };
		C15E5D7F28D0EE26005FD456 /* AppDelegate.swift */ = {isa = PBXFileReference; lastKnownFileType = sourcecode.swift; path = AppDelegate.swift; sourceTree = "<group>"; };
		C15E5D8128D0EE26005FD456 /* SceneDelegate.swift */ = {isa = PBXFileReference; lastKnownFileType = sourcecode.swift; path = SceneDelegate.swift; sourceTree = "<group>"; };
		C15E5D8328D0EE26005FD456 /* ViewController.swift */ = {isa = PBXFileReference; lastKnownFileType = sourcecode.swift; path = ViewController.swift; sourceTree = "<group>"; };
		C15E5D8628D0EE26005FD456 /* Base */ = {isa = PBXFileReference; lastKnownFileType = file.storyboard; name = Base; path = Base.lproj/Main.storyboard; sourceTree = "<group>"; };
		C15E5D8828D0EE29005FD456 /* Assets.xcassets */ = {isa = PBXFileReference; lastKnownFileType = folder.assetcatalog; path = Assets.xcassets; sourceTree = "<group>"; };
		C15E5D8B28D0EE29005FD456 /* Base */ = {isa = PBXFileReference; lastKnownFileType = file.storyboard; name = Base; path = Base.lproj/LaunchScreen.storyboard; sourceTree = "<group>"; };
		C15E5D8D28D0EE29005FD456 /* Info.plist */ = {isa = PBXFileReference; lastKnownFileType = text.plist.xml; path = Info.plist; sourceTree = "<group>"; };
		C15E5D9228D0EE29005FD456 /* LifeCycleTests.xctest */ = {isa = PBXFileReference; explicitFileType = wrapper.cfbundle; includeInIndex = 0; path = LifeCycleTests.xctest; sourceTree = BUILT_PRODUCTS_DIR; };
		C15E5D9628D0EE29005FD456 /* LifeCycleTests.swift */ = {isa = PBXFileReference; lastKnownFileType = sourcecode.swift; path = LifeCycleTests.swift; sourceTree = "<group>"; };
		C15E5D9C28D0EE2A005FD456 /* LifeCycleUITests.xctest */ = {isa = PBXFileReference; explicitFileType = wrapper.cfbundle; includeInIndex = 0; path = LifeCycleUITests.xctest; sourceTree = BUILT_PRODUCTS_DIR; };
		C15E5DA028D0EE2A005FD456 /* LifeCycleUITests.swift */ = {isa = PBXFileReference; lastKnownFileType = sourcecode.swift; path = LifeCycleUITests.swift; sourceTree = "<group>"; };
		C15E5DA228D0EE2A005FD456 /* LifeCycleUITestsLaunchTests.swift */ = {isa = PBXFileReference; lastKnownFileType = sourcecode.swift; path = LifeCycleUITestsLaunchTests.swift; sourceTree = "<group>"; };
		C15E5DB128D202A0005FD456 /* SecondController.swift */ = {isa = PBXFileReference; lastKnownFileType = sourcecode.swift; path = SecondController.swift; sourceTree = "<group>"; };
/* End PBXFileReference section */

/* Begin PBXFrameworksBuildPhase section */
		C15E5D7928D0EE26005FD456 /* Frameworks */ = {
			isa = PBXFrameworksBuildPhase;
			buildActionMask = 2147483647;
			files = (
			);
			runOnlyForDeploymentPostprocessing = 0;
		};
		C15E5D8F28D0EE29005FD456 /* Frameworks */ = {
			isa = PBXFrameworksBuildPhase;
			buildActionMask = 2147483647;
			files = (
			);
			runOnlyForDeploymentPostprocessing = 0;
		};
		C15E5D9928D0EE29005FD456 /* Frameworks */ = {
			isa = PBXFrameworksBuildPhase;
			buildActionMask = 2147483647;
			files = (
			);
			runOnlyForDeploymentPostprocessing = 0;
		};
/* End PBXFrameworksBuildPhase section */

/* Begin PBXGroup section */
		C15E5D7328D0EE26005FD456 = {
			isa = PBXGroup;
			children = (
				C15E5D7E28D0EE26005FD456 /* LifeCycle */,
				C15E5D9528D0EE29005FD456 /* LifeCycleTests */,
				C15E5D9F28D0EE2A005FD456 /* LifeCycleUITests */,
				C15E5D7D28D0EE26005FD456 /* Products */,
			);
			sourceTree = "<group>";
		};
		C15E5D7D28D0EE26005FD456 /* Products */ = {
			isa = PBXGroup;
			children = (
				C15E5D7C28D0EE26005FD456 /* LifeCycle.app */,
				C15E5D9228D0EE29005FD456 /* LifeCycleTests.xctest */,
				C15E5D9C28D0EE2A005FD456 /* LifeCycleUITests.xctest */,
			);
			name = Products;
			sourceTree = "<group>";
		};
		C15E5D7E28D0EE26005FD456 /* LifeCycle */ = {
			isa = PBXGroup;
			children = (
				C15E5D7F28D0EE26005FD456 /* AppDelegate.swift */,
				C15E5D8128D0EE26005FD456 /* SceneDelegate.swift */,
				C15E5D8328D0EE26005FD456 /* ViewController.swift */,
				C15E5D8528D0EE26005FD456 /* Main.storyboard */,
				C15E5D8828D0EE29005FD456 /* Assets.xcassets */,
				C15E5D8A28D0EE29005FD456 /* LaunchScreen.storyboard */,
				C15E5D8D28D0EE29005FD456 /* Info.plist */,
				C15E5DB128D202A0005FD456 /* SecondController.swift */,
			);
			path = LifeCycle;
			sourceTree = "<group>";
		};
		C15E5D9528D0EE29005FD456 /* LifeCycleTests */ = {
			isa = PBXGroup;
			children = (
				C15E5D9628D0EE29005FD456 /* LifeCycleTests.swift */,
			);
			path = LifeCycleTests;
			sourceTree = "<group>";
		};
		C15E5D9F28D0EE2A005FD456 /* LifeCycleUITests */ = {
			isa = PBXGroup;
			children = (
				C15E5DA028D0EE2A005FD456 /* LifeCycleUITests.swift */,
				C15E5DA228D0EE2A005FD456 /* LifeCycleUITestsLaunchTests.swift */,
			);
			path = LifeCycleUITests;
			sourceTree = "<group>";
		};
/* End PBXGroup section */

/* Begin PBXNativeTarget section */
		C15E5D7B28D0EE26005FD456 /* LifeCycle */ = {
			isa = PBXNativeTarget;
			buildConfigurationList = C15E5DA628D0EE2A005FD456 /* Build configuration list for PBXNativeTarget "LifeCycle" */;
			buildPhases = (
				C15E5D7828D0EE26005FD456 /* Sources */,
				C15E5D7928D0EE26005FD456 /* Frameworks */,
				C15E5D7A28D0EE26005FD456 /* Resources */,
			);
			buildRules = (
			);
			dependencies = (
			);
			name = LifeCycle;
			productName = LifeCycle;
			productReference = C15E5D7C28D0EE26005FD456 /* LifeCycle.app */;
			productType = "com.apple.product-type.application";
		};
		C15E5D9128D0EE29005FD456 /* LifeCycleTests */ = {
			isa = PBXNativeTarget;
			buildConfigurationList = C15E5DA928D0EE2A005FD456 /* Build configuration list for PBXNativeTarget "LifeCycleTests" */;
			buildPhases = (
				C15E5D8E28D0EE29005FD456 /* Sources */,
				C15E5D8F28D0EE29005FD456 /* Frameworks */,
				C15E5D9028D0EE29005FD456 /* Resources */,
			);
			buildRules = (
			);
			dependencies = (
				C15E5D9428D0EE29005FD456 /* PBXTargetDependency */,
			);
			name = LifeCycleTests;
			productName = LifeCycleTests;
			productReference = C15E5D9228D0EE29005FD456 /* LifeCycleTests.xctest */;
			productType = "com.apple.product-type.bundle.unit-test";
		};
		C15E5D9B28D0EE29005FD456 /* LifeCycleUITests */ = {
			isa = PBXNativeTarget;
			buildConfigurationList = C15E5DAC28D0EE2A005FD456 /* Build configuration list for PBXNativeTarget "LifeCycleUITests" */;
			buildPhases = (
				C15E5D9828D0EE29005FD456 /* Sources */,
				C15E5D9928D0EE29005FD456 /* Frameworks */,
				C15E5D9A28D0EE29005FD456 /* Resources */,
			);
			buildRules = (
			);
			dependencies = (
				C15E5D9E28D0EE2A005FD456 /* PBXTargetDependency */,
			);
			name = LifeCycleUITests;
			productName = LifeCycleUITests;
			productReference = C15E5D9C28D0EE2A005FD456 /* LifeCycleUITests.xctest */;
			productType = "com.apple.product-type.bundle.ui-testing";
		};
/* End PBXNativeTarget section */

/* Begin PBXProject section */
		C15E5D7428D0EE26005FD456 /* Project object */ = {
			isa = PBXProject;
			attributes = {
				BuildIndependentTargetsInParallel = 1;
				LastSwiftUpdateCheck = 1340;
				LastUpgradeCheck = 1340;
				TargetAttributes = {
					C15E5D7B28D0EE26005FD456 = {
						CreatedOnToolsVersion = 13.4.1;
					};
					C15E5D9128D0EE29005FD456 = {
						CreatedOnToolsVersion = 13.4.1;
						TestTargetID = C15E5D7B28D0EE26005FD456;
					};
					C15E5D9B28D0EE29005FD456 = {
						CreatedOnToolsVersion = 13.4.1;
						TestTargetID = C15E5D7B28D0EE26005FD456;
					};
				};
			};
			buildConfigurationList = C15E5D7728D0EE26005FD456 /* Build configuration list for PBXProject "LifeCycle" */;
			compatibilityVersion = "Xcode 13.0";
			developmentRegion = en;
			hasScannedForEncodings = 0;
			knownRegions = (
				en,
				Base,
			);
			mainGroup = C15E5D7328D0EE26005FD456;
			productRefGroup = C15E5D7D28D0EE26005FD456 /* Products */;
			projectDirPath = "";
			projectRoot = "";
			targets = (
				C15E5D7B28D0EE26005FD456 /* LifeCycle */,
				C15E5D9128D0EE29005FD456 /* LifeCycleTests */,
				C15E5D9B28D0EE29005FD456 /* LifeCycleUITests */,
			);
		};
/* End PBXProject section */

/* Begin PBXResourcesBuildPhase section */
		C15E5D7A28D0EE26005FD456 /* Resources */ = {
			isa = PBXResourcesBuildPhase;
			buildActionMask = 2147483647;
			files = (
				C15E5D8C28D0EE29005FD456 /* LaunchScreen.storyboard in Resources */,
				C15E5D8928D0EE29005FD456 /* Assets.xcassets in Resources */,
				C15E5D8728D0EE26005FD456 /* Main.storyboard in Resources */,
			);
			runOnlyForDeploymentPostprocessing = 0;
		};
		C15E5D9028D0EE29005FD456 /* Resources */ = {
			isa = PBXResourcesBuildPhase;
			buildActionMask = 2147483647;
			files = (
			);
			runOnlyForDeploymentPostprocessing = 0;
		};
		C15E5D9A28D0EE29005FD456 /* Resources */ = {
			isa = PBXResourcesBuildPhase;
			buildActionMask = 2147483647;
			files = (
			);
			runOnlyForDeploymentPostprocessing = 0;
		};
/* End PBXResourcesBuildPhase section */

/* Begin PBXSourcesBuildPhase section */
		C15E5D7828D0EE26005FD456 /* Sources */ = {
			isa = PBXSourcesBuildPhase;
			buildActionMask = 2147483647;
			files = (
				C15E5D8428D0EE26005FD456 /* ViewController.swift in Sources */,
				C15E5D8028D0EE26005FD456 /* AppDelegate.swift in Sources */,
				C15E5D8228D0EE26005FD456 /* SceneDelegate.swift in Sources */,
				C15E5DB228D202A0005FD456 /* SecondController.swift in Sources */,
			);
			runOnlyForDeploymentPostprocessing = 0;
		};
		C15E5D8E28D0EE29005FD456 /* Sources */ = {
			isa = PBXSourcesBuildPhase;
			buildActionMask = 2147483647;
			files = (
				C15E5D9728D0EE29005FD456 /* LifeCycleTests.swift in Sources */,
			);
			runOnlyForDeploymentPostprocessing = 0;
		};
		C15E5D9828D0EE29005FD456 /* Sources */ = {
			isa = PBXSourcesBuildPhase;
			buildActionMask = 2147483647;
			files = (
				C15E5DA128D0EE2A005FD456 /* LifeCycleUITests.swift in Sources */,
				C15E5DA328D0EE2A005FD456 /* LifeCycleUITestsLaunchTests.swift in Sources */,
			);
			runOnlyForDeploymentPostprocessing = 0;
		};
/* End PBXSourcesBuildPhase section */

/* Begin PBXTargetDependency section */
		C15E5D9428D0EE29005FD456 /* PBXTargetDependency */ = {
			isa = PBXTargetDependency;
			target = C15E5D7B28D0EE26005FD456 /* LifeCycle */;
			targetProxy = C15E5D9328D0EE29005FD456 /* PBXContainerItemProxy */;
		};
		C15E5D9E28D0EE2A005FD456 /* PBXTargetDependency */ = {
			isa = PBXTargetDependency;
			target = C15E5D7B28D0EE26005FD456 /* LifeCycle */;
			targetProxy = C15E5D9D28D0EE2A005FD456 /* PBXContainerItemProxy */;
		};
/* End PBXTargetDependency section */

/* Begin PBXVariantGroup section */
		C15E5D8528D0EE26005FD456 /* Main.storyboard */ = {
			isa = PBXVariantGroup;
			children = (
				C15E5D8628D0EE26005FD456 /* Base */,
			);
			name = Main.storyboard;
			sourceTree = "<group>";
		};
		C15E5D8A28D0EE29005FD456 /* LaunchScreen.storyboard */ = {
			isa = PBXVariantGroup;
			children = (
				C15E5D8B28D0EE29005FD456 /* Base */,
			);
			name = LaunchScreen.storyboard;
			sourceTree = "<group>";
		};
/* End PBXVariantGroup section */

/* Begin XCBuildConfiguration section */
		C15E5DA428D0EE2A005FD456 /* Debug */ = {
			isa = XCBuildConfiguration;
			buildSettings = {
				ALWAYS_SEARCH_USER_PATHS = NO;
				CLANG_ANALYZER_NONNULL = YES;
				CLANG_ANALYZER_NUMBER_OBJECT_CONVERSION = YES_AGGRESSIVE;
				CLANG_CXX_LANGUAGE_STANDARD = "gnu++17";
				CLANG_ENABLE_MODULES = YES;
				CLANG_ENABLE_OBJC_ARC = YES;
				CLANG_ENABLE_OBJC_WEAK = YES;
				CLANG_WARN_BLOCK_CAPTURE_AUTORELEASING = YES;
				CLANG_WARN_BOOL_CONVERSION = YES;
				CLANG_WARN_COMMA = YES;
				CLANG_WARN_CONSTANT_CONVERSION = YES;
				CLANG_WARN_DEPRECATED_OBJC_IMPLEMENTATIONS = YES;
				CLANG_WARN_DIRECT_OBJC_ISA_USAGE = YES_ERROR;
				CLANG_WARN_DOCUMENTATION_COMMENTS = YES;
				CLANG_WARN_EMPTY_BODY = YES;
				CLANG_WARN_ENUM_CONVERSION = YES;
				CLANG_WARN_INFINITE_RECURSION = YES;
				CLANG_WARN_INT_CONVERSION = YES;
				CLANG_WARN_NON_LITERAL_NULL_CONVERSION = YES;
				CLANG_WARN_OBJC_IMPLICIT_RETAIN_SELF = YES;
				CLANG_WARN_OBJC_LITERAL_CONVERSION = YES;
				CLANG_WARN_OBJC_ROOT_CLASS = YES_ERROR;
				CLANG_WARN_QUOTED_INCLUDE_IN_FRAMEWORK_HEADER = YES;
				CLANG_WARN_RANGE_LOOP_ANALYSIS = YES;
				CLANG_WARN_STRICT_PROTOTYPES = YES;
				CLANG_WARN_SUSPICIOUS_MOVE = YES;
				CLANG_WARN_UNGUARDED_AVAILABILITY = YES_AGGRESSIVE;
				CLANG_WARN_UNREACHABLE_CODE = YES;
				CLANG_WARN__DUPLICATE_METHOD_MATCH = YES;
				COPY_PHASE_STRIP = NO;
				DEBUG_INFORMATION_FORMAT = dwarf;
				ENABLE_STRICT_OBJC_MSGSEND = YES;
				ENABLE_TESTABILITY = YES;
				GCC_C_LANGUAGE_STANDARD = gnu11;
				GCC_DYNAMIC_NO_PIC = NO;
				GCC_NO_COMMON_BLOCKS = YES;
				GCC_OPTIMIZATION_LEVEL = 0;
				GCC_PREPROCESSOR_DEFINITIONS = (
					"DEBUG=1",
					"$(inherited)",
				);
				GCC_WARN_64_TO_32_BIT_CONVERSION = YES;
				GCC_WARN_ABOUT_RETURN_TYPE = YES_ERROR;
				GCC_WARN_UNDECLARED_SELECTOR = YES;
				GCC_WARN_UNINITIALIZED_AUTOS = YES_AGGRESSIVE;
				GCC_WARN_UNUSED_FUNCTION = YES;
				GCC_WARN_UNUSED_VARIABLE = YES;
				IPHONEOS_DEPLOYMENT_TARGET = 15.5;
				MTL_ENABLE_DEBUG_INFO = INCLUDE_SOURCE;
				MTL_FAST_MATH = YES;
				ONLY_ACTIVE_ARCH = YES;
				SDKROOT = iphoneos;
				SWIFT_ACTIVE_COMPILATION_CONDITIONS = DEBUG;
				SWIFT_OPTIMIZATION_LEVEL = "-Onone";
			};
			name = Debug;
		};
		C15E5DA528D0EE2A005FD456 /* Release */ = {
			isa = XCBuildConfiguration;
			buildSettings = {
				ALWAYS_SEARCH_USER_PATHS = NO;
				CLANG_ANALYZER_NONNULL = YES;
				CLANG_ANALYZER_NUMBER_OBJECT_CONVERSION = YES_AGGRESSIVE;
				CLANG_CXX_LANGUAGE_STANDARD = "gnu++17";
				CLANG_ENABLE_MODULES = YES;
				CLANG_ENABLE_OBJC_ARC = YES;
				CLANG_ENABLE_OBJC_WEAK = YES;
				CLANG_WARN_BLOCK_CAPTURE_AUTORELEASING = YES;
				CLANG_WARN_BOOL_CONVERSION = YES;
				CLANG_WARN_COMMA = YES;
				CLANG_WARN_CONSTANT_CONVERSION = YES;
				CLANG_WARN_DEPRECATED_OBJC_IMPLEMENTATIONS = YES;
				CLANG_WARN_DIRECT_OBJC_ISA_USAGE = YES_ERROR;
				CLANG_WARN_DOCUMENTATION_COMMENTS = YES;
				CLANG_WARN_EMPTY_BODY = YES;
				CLANG_WARN_ENUM_CONVERSION = YES;
				CLANG_WARN_INFINITE_RECURSION = YES;
				CLANG_WARN_INT_CONVERSION = YES;
				CLANG_WARN_NON_LITERAL_NULL_CONVERSION = YES;
				CLANG_WARN_OBJC_IMPLICIT_RETAIN_SELF = YES;
				CLANG_WARN_OBJC_LITERAL_CONVERSION = YES;
				CLANG_WARN_OBJC_ROOT_CLASS = YES_ERROR;
				CLANG_WARN_QUOTED_INCLUDE_IN_FRAMEWORK_HEADER = YES;
				CLANG_WARN_RANGE_LOOP_ANALYSIS = YES;
				CLANG_WARN_STRICT_PROTOTYPES = YES;
				CLANG_WARN_SUSPICIOUS_MOVE = YES;
				CLANG_WARN_UNGUARDED_AVAILABILITY = YES_AGGRESSIVE;
				CLANG_WARN_UNREACHABLE_CODE = YES;
				CLANG_WARN__DUPLICATE_METHOD_MATCH = YES;
				COPY_PHASE_STRIP = NO;
				DEBUG_INFORMATION_FORMAT = "dwarf-with-dsym";
				ENABLE_NS_ASSERTIONS = NO;
				ENABLE_STRICT_OBJC_MSGSEND = YES;
				GCC_C_LANGUAGE_STANDARD = gnu11;
				GCC_NO_COMMON_BLOCKS = YES;
				GCC_WARN_64_TO_32_BIT_CONVERSION = YES;
				GCC_WARN_ABOUT_RETURN_TYPE = YES_ERROR;
				GCC_WARN_UNDECLARED_SELECTOR = YES;
				GCC_WARN_UNINITIALIZED_AUTOS = YES_AGGRESSIVE;
				GCC_WARN_UNUSED_FUNCTION = YES;
				GCC_WARN_UNUSED_VARIABLE = YES;
				IPHONEOS_DEPLOYMENT_TARGET = 15.5;
				MTL_ENABLE_DEBUG_INFO = NO;
				MTL_FAST_MATH = YES;
				SDKROOT = iphoneos;
				SWIFT_COMPILATION_MODE = wholemodule;
				SWIFT_OPTIMIZATION_LEVEL = "-O";
				VALIDATE_PRODUCT = YES;
			};
			name = Release;
		};
		C15E5DA728D0EE2A005FD456 /* Debug */ = {
			isa = XCBuildConfiguration;
			buildSettings = {
				ASSETCATALOG_COMPILER_APPICON_NAME = AppIcon;
				ASSETCATALOG_COMPILER_GLOBAL_ACCENT_COLOR_NAME = AccentColor;
				CODE_SIGN_STYLE = Automatic;
				CURRENT_PROJECT_VERSION = 1;
				GENERATE_INFOPLIST_FILE = YES;
				INFOPLIST_FILE = LifeCycle/Info.plist;
				INFOPLIST_KEY_UIApplicationSupportsIndirectInputEvents = YES;
				INFOPLIST_KEY_UILaunchStoryboardName = LaunchScreen;
				INFOPLIST_KEY_UIMainStoryboardFile = Main;
				INFOPLIST_KEY_UISupportedInterfaceOrientations_iPad = "UIInterfaceOrientationPortrait UIInterfaceOrientationPortraitUpsideDown UIInterfaceOrientationLandscapeLeft UIInterfaceOrientationLandscapeRight";
				INFOPLIST_KEY_UISupportedInterfaceOrientations_iPhone = "UIInterfaceOrientationPortrait UIInterfaceOrientationLandscapeLeft UIInterfaceOrientationLandscapeRight";
				LD_RUNPATH_SEARCH_PATHS = (
					"$(inherited)",
					"@executable_path/Frameworks",
				);
				MARKETING_VERSION = 1.0;
				PRODUCT_BUNDLE_IDENTIFIER = study.LifeCycle;
				PRODUCT_NAME = "$(TARGET_NAME)";
				SWIFT_EMIT_LOC_STRINGS = YES;
				SWIFT_VERSION = 5.0;
				TARGETED_DEVICE_FAMILY = "1,2";
			};
			name = Debug;
		};
		C15E5DA828D0EE2A005FD456 /* Release */ = {
			isa = XCBuildConfiguration;
			buildSettings = {
				ASSETCATALOG_COMPILER_APPICON_NAME = AppIcon;
				ASSETCATALOG_COMPILER_GLOBAL_ACCENT_COLOR_NAME = AccentColor;
				CODE_SIGN_STYLE = Automatic;
				CURRENT_PROJECT_VERSION = 1;
				GENERATE_INFOPLIST_FILE = YES;
				INFOPLIST_FILE = LifeCycle/Info.plist;
				INFOPLIST_KEY_UIApplicationSupportsIndirectInputEvents = YES;
				INFOPLIST_KEY_UILaunchStoryboardName = LaunchScreen;
				INFOPLIST_KEY_UIMainStoryboardFile = Main;
				INFOPLIST_KEY_UISupportedInterfaceOrientations_iPad = "UIInterfaceOrientationPortrait UIInterfaceOrientationPortraitUpsideDown UIInterfaceOrientationLandscapeLeft UIInterfaceOrientationLandscapeRight";
				INFOPLIST_KEY_UISupportedInterfaceOrientations_iPhone = "UIInterfaceOrientationPortrait UIInterfaceOrientationLandscapeLeft UIInterfaceOrientationLandscapeRight";
				LD_RUNPATH_SEARCH_PATHS = (
					"$(inherited)",
					"@executable_path/Frameworks",
				);
				MARKETING_VERSION = 1.0;
				PRODUCT_BUNDLE_IDENTIFIER = study.LifeCycle;
				PRODUCT_NAME = "$(TARGET_NAME)";
				SWIFT_EMIT_LOC_STRINGS = YES;
				SWIFT_VERSION = 5.0;
				TARGETED_DEVICE_FAMILY = "1,2";
			};
			name = Release;
		};
		C15E5DAA28D0EE2A005FD456 /* Debug */ = {
			isa = XCBuildConfiguration;
			buildSettings = {
				ALWAYS_EMBED_SWIFT_STANDARD_LIBRARIES = YES;
				BUNDLE_LOADER = "$(TEST_HOST)";
				CODE_SIGN_STYLE = Automatic;
				CURRENT_PROJECT_VERSION = 1;
				GENERATE_INFOPLIST_FILE = YES;
				IPHONEOS_DEPLOYMENT_TARGET = 15.5;
				MARKETING_VERSION = 1.0;
				PRODUCT_BUNDLE_IDENTIFIER = study.LifeCycleTests;
				PRODUCT_NAME = "$(TARGET_NAME)";
				SWIFT_EMIT_LOC_STRINGS = NO;
				SWIFT_VERSION = 5.0;
				TARGETED_DEVICE_FAMILY = "1,2";
				TEST_HOST = "$(BUILT_PRODUCTS_DIR)/LifeCycle.app/LifeCycle";
			};
			name = Debug;
		};
		C15E5DAB28D0EE2A005FD456 /* Release */ = {
			isa = XCBuildConfiguration;
			buildSettings = {
				ALWAYS_EMBED_SWIFT_STANDARD_LIBRARIES = YES;
				BUNDLE_LOADER = "$(TEST_HOST)";
				CODE_SIGN_STYLE = Automatic;
				CURRENT_PROJECT_VERSION = 1;
				GENERATE_INFOPLIST_FILE = YES;
				IPHONEOS_DEPLOYMENT_TARGET = 15.5;
				MARKETING_VERSION = 1.0;
				PRODUCT_BUNDLE_IDENTIFIER = study.LifeCycleTests;
				PRODUCT_NAME = "$(TARGET_NAME)";
				SWIFT_EMIT_LOC_STRINGS = NO;
				SWIFT_VERSION = 5.0;
				TARGETED_DEVICE_FAMILY = "1,2";
				TEST_HOST = "$(BUILT_PRODUCTS_DIR)/LifeCycle.app/LifeCycle";
			};
			name = Release;
		};
		C15E5DAD28D0EE2A005FD456 /* Debug */ = {
			isa = XCBuildConfiguration;
			buildSettings = {
				ALWAYS_EMBED_SWIFT_STANDARD_LIBRARIES = YES;
				CODE_SIGN_STYLE = Automatic;
				CURRENT_PROJECT_VERSION = 1;
				GENERATE_INFOPLIST_FILE = YES;
				MARKETING_VERSION = 1.0;
				PRODUCT_BUNDLE_IDENTIFIER = study.LifeCycleUITests;
				PRODUCT_NAME = "$(TARGET_NAME)";
				SWIFT_EMIT_LOC_STRINGS = NO;
				SWIFT_VERSION = 5.0;
				TARGETED_DEVICE_FAMILY = "1,2";
				TEST_TARGET_NAME = LifeCycle;
			};
			name = Debug;
		};
		C15E5DAE28D0EE2A005FD456 /* Release */ = {
			isa = XCBuildConfiguration;
			buildSettings = {
				ALWAYS_EMBED_SWIFT_STANDARD_LIBRARIES = YES;
				CODE_SIGN_STYLE = Automatic;
				CURRENT_PROJECT_VERSION = 1;
				GENERATE_INFOPLIST_FILE = YES;
				MARKETING_VERSION = 1.0;
				PRODUCT_BUNDLE_IDENTIFIER = study.LifeCycleUITests;
				PRODUCT_NAME = "$(TARGET_NAME)";
				SWIFT_EMIT_LOC_STRINGS = NO;
				SWIFT_VERSION = 5.0;
				TARGETED_DEVICE_FAMILY = "1,2";
				TEST_TARGET_NAME = LifeCycle;
			};
			name = Release;
		};
/* End XCBuildConfiguration section */

/* Begin XCConfigurationList section */
		C15E5D7728D0EE26005FD456 /* Build configuration list for PBXProject "LifeCycle" */ = {
			isa = XCConfigurationList;
			buildConfigurations = (
				C15E5DA428D0EE2A005FD456 /* Debug */,
				C15E5DA528D0EE2A005FD456 /* Release */,
			);
			defaultConfigurationIsVisible = 0;
			defaultConfigurationName = Release;
		};
		C15E5DA628D0EE2A005FD456 /* Build configuration list for PBXNativeTarget "LifeCycle" */ = {
			isa = XCConfigurationList;
			buildConfigurations = (
				C15E5DA728D0EE2A005FD456 /* Debug */,
				C15E5DA828D0EE2A005FD456 /* Release */,
			);
			defaultConfigurationIsVisible = 0;
			defaultConfigurationName = Release;
		};
		C15E5DA928D0EE2A005FD456 /* Build configuration list for PBXNativeTarget "LifeCycleTests" */ = {
			isa = XCConfigurationList;
			buildConfigurations = (
				C15E5DAA28D0EE2A005FD456 /* Debug */,
				C15E5DAB28D0EE2A005FD456 /* Release */,
			);
			defaultConfigurationIsVisible = 0;
			defaultConfigurationName = Release;
		};
		C15E5DAC28D0EE2A005FD456 /* Build configuration list for PBXNativeTarget "LifeCycleUITests" */ = {
			isa = XCConfigurationList;
			buildConfigurations = (
				C15E5DAD28D0EE2A005FD456 /* Debug */,
				C15E5DAE28D0EE2A005FD456 /* Release */,
			);
			defaultConfigurationIsVisible = 0;
			defaultConfigurationName = Release;
		};
/* End XCConfigurationList section */
	};
	rootObject = C15E5D7428D0EE26005FD456 /* Project object */;
}
